Microsoft Visual Studio Solution File, Format Version 12.00
# Visual Studio 2012
Project("{FAE04EC0-301F-11D3-BF4B-00C04F79EFBC}") = "First2D", "First2D.csproj", "{E802924C-54D9-4007-B4A3-E46AF6F5ABDB}"
EndProject
Global
	GlobalSection(SolutionConfigurationPlatforms) = preSolution
	Debug|Any CPU = Debug|Any CPU
	ExportDebug|Any CPU = ExportDebug|Any CPU
	ExportRelease|Any CPU = ExportRelease|Any CPU
	EndGlobalSection
	GlobalSection(ProjectConfigurationPlatforms) = postSolution
		{E802924C-54D9-4007-B4A3-E46AF6F5ABDB}.Debug|Any CPU.ActiveCfg = Debug|Any CPU
		{E802924C-54D9-4007-B4A3-E46AF6F5ABDB}.Debug|Any CPU.Build.0 = Debug|Any CPU
		{E802924C-54D9-4007-B4A3-E46AF6F5ABDB}.ExportDebug|Any CPU.ActiveCfg = ExportDebug|Any CPU
		{E802924C-54D9-4007-B4A3-E46AF6F5ABDB}.ExportDebug|Any CPU.Build.0 = ExportDebug|Any CPU
		{E802924C-54D9-4007-B4A3-E46AF6F5ABDB}.ExportRelease|Any CPU.ActiveCfg = ExportRelease|Any CPU
		{E802924C-54D9-4007-B4A3-E46AF6F5ABDB}.ExportRelease|Any CPU.Build.0 = ExportRelease|Any CPU
	EndGlobalSection
EndGlobal
